// !$*UTF8*$!
{
	archiveVersion = 1;
	classes = {
	};
	objectVersion = 50;
	objects = {

/* Begin PBXBuildFile section */
		DDEEAD892148B04700DDE5F2 /* AppDelegate.m in Sources */ = {isa = PBXBuildFile; fileRef = DDEEAD882148B04700DDE5F2 /* AppDelegate.m */; };
		DDEEAD8C2148B04700DDE5F2 /* ViewController.m in Sources */ = {isa = PBXBuildFile; fileRef = DDEEAD8B2148B04700DDE5F2 /* ViewController.m */; };
		DDEEAD8F2148B04700DDE5F2 /* Main.storyboard in Resources */ = {isa = PBXBuildFile; fileRef = DDEEAD8D2148B04700DDE5F2 /* Main.storyboard */; };
		DDEEAD912148B05700DDE5F2 /* Assets.xcassets in Resources */ = {isa = PBXBuildFile; fileRef = DDEEAD902148B05700DDE5F2 /* Assets.xcassets */; };
		DDEEAD942148B05700DDE5F2 /* LaunchScreen.storyboard in Resources */ = {isa = PBXBuildFile; fileRef = DDEEAD922148B05700DDE5F2 /* LaunchScreen.storyboard */; };
		DDEEAD972148B05700DDE5F2 /* main.m in Sources */ = {isa = PBXBuildFile; fileRef = DDEEAD962148B05700DDE5F2 /* main.m */; };
		DDEEADA02148B10300DDE5F2 /* TYCPerson.m in Sources */ = {isa = PBXBuildFile; fileRef = DDEEAD9F2148B10300DDE5F2 /* TYCPerson.m */; };
/* End PBXBuildFile section */

/* Begin PBXFileReference section */
		DDEEAD842148B04700DDE5F2 /* MyPracticeCocoPodSpec.app */ = {isa = PBXFileReference; explicitFileType = wrapper.application; includeInIndex = 0; path = MyPracticeCocoPodSpec.app; sourceTree = BUILT_PRODUCTS_DIR; };
		DDEEAD872148B04700DDE5F2 /* AppDelegate.h */ = {isa = PBXFileReference; lastKnownFileType = sourcecode.c.h; path = AppDelegate.h; sourceTree = "<group>"; };
		DDEEAD882148B04700DDE5F2 /* AppDelegate.m */ = {isa = PBXFileReference; lastKnownFileType = sourcecode.c.objc; path = AppDelegate.m; sourceTree = "<group>"; };
		DDEEAD8A2148B04700DDE5F2 /* ViewController.h */ = {isa = PBXFileReference; lastKnownFileType = sourcecode.c.h; path = ViewController.h; sourceTree = "<group>"; };
		DDEEAD8B2148B04700DDE5F2 /* ViewController.m */ = {isa = PBXFileReference; lastKnownFileType = sourcecode.c.objc; path = ViewController.m; sourceTree = "<group>"; };
		DDEEAD8E2148B04700DDE5F2 /* Base */ = {isa = PBXFileReference; lastKnownFileType = file.storyboard; name = Base; path = Base.lproj/Main.storyboard; sourceTree = "<group>"; };
		DDEEAD902148B05700DDE5F2 /* Assets.xcassets */ = {isa = PBXFileReference; lastKnownFileType = folder.assetcatalog; path = Assets.xcassets; sourceTree = "<group>"; };
		DDEEAD932148B05700DDE5F2 /* Base */ = {isa = PBXFileReference; lastKnownFileType = file.storyboard; name = Base; path = Base.lproj/LaunchScreen.storyboard; sourceTree = "<group>"; };
		DDEEAD952148B05700DDE5F2 /* Info.plist */ = {isa = PBXFileReference; lastKnownFileType = text.plist.xml; path = Info.plist; sourceTree = "<group>"; };
		DDEEAD962148B05700DDE5F2 /* main.m */ = {isa = PBXFileReference; lastKnownFileType = sourcecode.c.objc; path = main.m; sourceTree = "<group>"; };
		DDEEAD9E2148B10300DDE5F2 /* TYCPerson.h */ = {isa = PBXFileReference; lastKnownFileType = sourcecode.c.h; path = TYCPerson.h; sourceTree = "<group>"; };
		DDEEAD9F2148B10300DDE5F2 /* TYCPerson.m */ = {isa = PBXFileReference; lastKnownFileType = sourcecode.c.objc; path = TYCPerson.m; sourceTree = "<group>"; };
/* End PBXFileReference section */

/* Begin PBXFrameworksBuildPhase section */
		DDEEAD812148B04700DDE5F2 /* Frameworks */ = {
			isa = PBXFrameworksBuildPhase;
			buildActionMask = 2147483647;
			files = (
			);
			runOnlyForDeploymentPostprocessing = 0;
		};
/* End PBXFrameworksBuildPhase section */

/* Begin PBXGroup section */
		DDEEAD7B2148B04700DDE5F2 = {
			isa = PBXGroup;
			children = (
				DDEEAD862148B04700DDE5F2 /* MyPracticeCocoPodSpec */,
				DDEEAD852148B04700DDE5F2 /* Products */,
			);
			sourceTree = "<group>";
		};
		DDEEAD852148B04700DDE5F2 /* Products */ = {
			isa = PBXGroup;
			children = (
				DDEEAD842148B04700DDE5F2 /* MyPracticeCocoPodSpec.app */,
			);
			name = Products;
			sourceTree = "<group>";
		};
		DDEEAD862148B04700DDE5F2 /* MyPracticeCocoPodSpec */ = {
			isa = PBXGroup;
			children = (
				DDEEAD9D2148B0A100DDE5F2 /* MyKit */,
				DDEEAD872148B04700DDE5F2 /* AppDelegate.h */,
				DDEEAD882148B04700DDE5F2 /* AppDelegate.m */,
				DDEEAD8A2148B04700DDE5F2 /* ViewController.h */,
				DDEEAD8B2148B04700DDE5F2 /* ViewController.m */,
				DDEEAD8D2148B04700DDE5F2 /* Main.storyboard */,
				DDEEAD902148B05700DDE5F2 /* Assets.xcassets */,
				DDEEAD922148B05700DDE5F2 /* LaunchScreen.storyboard */,
				DDEEAD952148B05700DDE5F2 /* Info.plist */,
				DDEEAD962148B05700DDE5F2 /* main.m */,
			);
			path = MyPracticeCocoPodSpec;
			sourceTree = "<group>";
		};
		DDEEAD9D2148B0A100DDE5F2 /* MyKit */ = {
			isa = PBXGroup;
			children = (
				DDEEAD9E2148B10300DDE5F2 /* TYCPerson.h */,
				DDEEAD9F2148B10300DDE5F2 /* TYCPerson.m */,
			);
			path = MyKit;
			sourceTree = SOURCE_ROOT;
		};
/* End PBXGroup section */

/* Begin PBXNativeTarget section */
		DDEEAD832148B04700DDE5F2 /* MyPracticeCocoPodSpec */ = {
			isa = PBXNativeTarget;
			buildConfigurationList = DDEEAD9A2148B05700DDE5F2 /* Build configuration list for PBXNativeTarget "MyPracticeCocoPodSpec" */;
			buildPhases = (
				DDEEAD802148B04700DDE5F2 /* Sources */,
				DDEEAD812148B04700DDE5F2 /* Frameworks */,
				DDEEAD822148B04700DDE5F2 /* Resources */,
			);
			buildRules = (
			);
			dependencies = (
			);
			name = MyPracticeCocoPodSpec;
			productName = MyPracticeCocoPodSpec;
			productReference = DDEEAD842148B04700DDE5F2 /* MyPracticeCocoPodSpec.app */;
			productType = "com.apple.product-type.application";
		};
/* End PBXNativeTarget section */

/* Begin PBXProject section */
		DDEEAD7C2148B04700DDE5F2 /* Project object */ = {
			isa = PBXProject;
			attributes = {
				LastUpgradeCheck = 0940;
				ORGANIZATIONNAME = tangyunchuan;
				TargetAttributes = {
					DDEEAD832148B04700DDE5F2 = {
						CreatedOnToolsVersion = 9.4.1;
					};
				};
			};
			buildConfigurationList = DDEEAD7F2148B04700DDE5F2 /* Build configuration list for PBXProject "MyPracticeCocoPodSpec" */;
			compatibilityVersion = "Xcode 9.3";
			developmentRegion = en;
			hasScannedForEncodings = 0;
			knownRegions = (
				en,
				Base,
			);
			mainGroup = DDEEAD7B2148B04700DDE5F2;
			productRefGroup = DDEEAD852148B04700DDE5F2 /* Products */;
			projectDirPath = "";
			projectRoot = "";
			targets = (
				DDEEAD832148B04700DDE5F2 /* MyPracticeCocoPodSpec */,
			);
		};
/* End PBXProject section */

/* Begin PBXResourcesBuildPhase section */
		DDEEAD822148B04700DDE5F2 /* Resources */ = {
			isa = PBXResourcesBuildPhase;
			buildActionMask = 2147483647;
			files = (
				DDEEAD942148B05700DDE5F2 /* LaunchScreen.storyboard in Resources */,
				DDEEAD912148B05700DDE5F2 /* Assets.xcassets in Resources */,
				DDEEAD8F2148B04700DDE5F2 /* Main.storyboard in Resources */,
			);
			runOnlyForDeploymentPostprocessing = 0;
		};
/* End PBXResourcesBuildPhase section */

/* Begin PBXSourcesBuildPhase section */
		DDEEAD802148B04700DDE5F2 /* Sources */ = {
			isa = PBXSourcesBuildPhase;
			buildActionMask = 2147483647;
			files = (
				DDEEAD8C2148B04700DDE5F2 /* ViewController.m in Sources */,
				DDEEADA02148B10300DDE5F2 /* TYCPerson.m in Sources */,
				DDEEAD972148B05700DDE5F2 /* main.m in Sources */,
				DDEEAD892148B04700DDE5F2 /* AppDelegate.m in Sources */,
			);
			runOnlyForDeploymentPostprocessing = 0;
		};
/* End PBXSourcesBuildPhase section */

/* Begin PBXVariantGroup section */
		DDEEAD8D2148B04700DDE5F2 /* Main.storyboard */ = {
			isa = PBXVariantGroup;
			children = (
				DDEEAD8E2148B04700DDE5F2 /* Base */,
			);
			name = Main.storyboard;
			sourceTree = "<group>";
		};
		DDEEAD922148B05700DDE5F2 /* LaunchScreen.storyboard */ = {
			isa = PBXVariantGroup;
			children = (
				DDEEAD932148B05700DDE5F2 /* Base */,
			);
			name = LaunchScreen.storyboard;
			sourceTree = "<group>";
		};
/* End PBXVariantGroup section */

/* Begin XCBuildConfiguration section */
		DDEEAD982148B05700DDE5F2 /* Debug */ = {
			isa = XCBuildConfiguration;
			buildSettings = {
				ALWAYS_SEARCH_USER_PATHS = NO;
				CLANG_ANALYZER_NONNULL = YES;
				CLANG_ANALYZER_NUMBER_OBJECT_CONVERSION = YES_AGGRESSIVE;
				CLANG_CXX_LANGUAGE_STANDARD = "gnu++14";
				CLANG_CXX_LIBRARY = "libc++";
				CLANG_ENABLE_MODULES = YES;
				CLANG_ENABLE_OBJC_ARC = YES;
				CLANG_ENABLE_OBJC_WEAK = YES;
				CLANG_WARN_BLOCK_CAPTURE_AUTORELEASING = YES;
				CLANG_WARN_BOOL_CONVERSION = YES;
				CLANG_WARN_COMMA = YES;
				CLANG_WARN_CONSTANT_CONVERSION = YES;
				CLANG_WARN_DEPRECATED_OBJC_IMPLEMENTATIONS = YES;
				CLANG_WARN_DIRECT_OBJC_ISA_USAGE = YES_ERROR;
				CLANG_WARN_DOCUMENTATION_COMMENTS = YES;
				CLANG_WARN_EMPTY_BODY = YES;
				CLANG_WARN_ENUM_CONVERSION = YES;
				CLANG_WARN_INFINITE_RECURSION = YES;
				CLANG_WARN_INT_CONVERSION = YES;
				CLANG_WARN_NON_LITERAL_NULL_CONVERSION = YES;
				CLANG_WARN_OBJC_IMPLICIT_RETAIN_SELF = YES;
				CLANG_WARN_OBJC_LITERAL_CONVERSION = YES;
				CLANG_WARN_OBJC_ROOT_CLASS = YES_ERROR;
				CLANG_WARN_RANGE_LOOP_ANALYSIS = YES;
				CLANG_WARN_STRICT_PROTOTYPES = YES;
				CLANG_WARN_SUSPICIOUS_MOVE = YES;
				CLANG_WARN_UNGUARDED_AVAILABILITY = YES_AGGRESSIVE;
				CLANG_WARN_UNREACHABLE_CODE = YES;
				CLANG_WARN__DUPLICATE_METHOD_MATCH = YES;
				CODE_SIGN_IDENTITY = "iPhone Developer";
				COPY_PHASE_STRIP = NO;
				DEBUG_INFORMATION_FORMAT = dwarf;
				ENABLE_STRICT_OBJC_MSGSEND = YES;
				ENABLE_TESTABILITY = YES;
				GCC_C_LANGUAGE_STANDARD = gnu11;
				GCC_DYNAMIC_NO_PIC = NO;
				GCC_NO_COMMON_BLOCKS = YES;
				GCC_OPTIMIZATION_LEVEL = 0;
				GCC_PREPROCESSOR_DEFINITIONS = (
					"DEBUG=1",
					"$(inherited)",
				);
				GCC_WARN_64_TO_32_BIT_CONVERSION = YES;
				GCC_WARN_ABOUT_RETURN_TYPE = YES_ERROR;
				GCC_WARN_UNDECLARED_SELECTOR = YES;
				GCC_WARN_UNINITIALIZED_AUTOS = YES_AGGRESSIVE;
				GCC_WARN_UNUSED_FUNCTION = YES;
				GCC_WARN_UNUSED_VARIABLE = YES;
				IPHONEOS_DEPLOYMENT_TARGET = 11.4;
				MTL_ENABLE_DEBUG_INFO = YES;
				ONLY_ACTIVE_ARCH = YES;
				SDKROOT = iphoneos;
			};
			name = Debug;
		};
		DDEEAD992148B05700DDE5F2 /* Release */ = {
			isa = XCBuildConfiguration;
			buildSettings = {
				ALWAYS_SEARCH_USER_PATHS = NO;
				CLANG_ANALYZER_NONNULL = YES;
				CLANG_ANALYZER_NUMBER_OBJECT_CONVERSION = YES_AGGRESSIVE;
				CLANG_CXX_LANGUAGE_STANDARD = "gnu++14";
				CLANG_CXX_LIBRARY = "libc++";
				CLANG_ENABLE_MODULES = YES;
				CLANG_ENABLE_OBJC_ARC = YES;
				CLANG_ENABLE_OBJC_WEAK = YES;
				CLANG_WARN_BLOCK_CAPTURE_AUTORELEASING = YES;
				CLANG_WARN_BOOL_CONVERSION = YES;
				CLANG_WARN_COMMA = YES;
				CLANG_WARN_CONSTANT_CONVERSION = YES;
				CLANG_WARN_DEPRECATED_OBJC_IMPLEMENTATIONS = YES;
				CLANG_WARN_DIRECT_OBJC_ISA_USAGE = YES_ERROR;
				CLANG_WARN_DOCUMENTATION_COMMENTS = YES;
				CLANG_WARN_EMPTY_BODY = YES;
				CLANG_WARN_ENUM_CONVERSION = YES;
				CLANG_WARN_INFINITE_RECURSION = YES;
				CLANG_WARN_INT_CONVERSION = YES;
				CLANG_WARN_NON_LITERAL_NULL_CONVERSION = YES;
				CLANG_WARN_OBJC_IMPLICIT_RETAIN_SELF = YES;
				CLANG_WARN_OBJC_LITERAL_CONVERSION = YES;
				CLANG_WARN_OBJC_ROOT_CLASS = YES_ERROR;
				CLANG_WARN_RANGE_LOOP_ANALYSIS = YES;
				CLANG_WARN_STRICT_PROTOTYPES = YES;
				CLANG_WARN_SUSPICIOUS_MOVE = YES;
				CLANG_WARN_UNGUARDED_AVAILABILITY = YES_AGGRESSIVE;
				CLANG_WARN_UNREACHABLE_CODE = YES;
				CLANG_WARN__DUPLICATE_METHOD_MATCH = YES;
				CODE_SIGN_IDENTITY = "iPhone Developer";
				COPY_PHASE_STRIP = NO;
				DEBUG_INFORMATION_FORMAT = "dwarf-with-dsym";
				ENABLE_NS_ASSERTIONS = NO;
				ENABLE_STRICT_OBJC_MSGSEND = YES;
				GCC_C_LANGUAGE_STANDARD = gnu11;
				GCC_NO_COMMON_BLOCKS = YES;
				GCC_WARN_64_TO_32_BIT_CONVERSION = YES;
				GCC_WARN_ABOUT_RETURN_TYPE = YES_ERROR;
				GCC_WARN_UNDECLARED_SELECTOR = YES;
				GCC_WARN_UNINITIALIZED_AUTOS = YES_AGGRESSIVE;
				GCC_WARN_UNUSED_FUNCTION = YES;
				GCC_WARN_UNUSED_VARIABLE = YES;
				IPHONEOS_DEPLOYMENT_TARGET = 11.4;
				MTL_ENABLE_DEBUG_INFO = NO;
				SDKROOT = iphoneos;
				VALIDATE_PRODUCT = YES;
			};
			name = Release;
		};
		DDEEAD9B2148B05700DDE5F2 /* Debug */ = {
			isa = XCBuildConfiguration;
			buildSettings = {
				ASSETCATALOG_COMPILER_APPICON_NAME = AppIcon;
				CODE_SIGN_STYLE = Automatic;
				DEVELOPMENT_TEAM = 832LY843KW;
				INFOPLIST_FILE = MyPracticeCocoPodSpec/Info.plist;
				LD_RUNPATH_SEARCH_PATHS = (
					"$(inherited)",
					"@executable_path/Frameworks",
				);
				PRODUCT_BUNDLE_IDENTIFIER = com.MyPracticeCocoPodSpec;
				PRODUCT_NAME = "$(TARGET_NAME)";
				TARGETED_DEVICE_FAMILY = "1,2";
			};
			name = Debug;
		};
		DDEEAD9C2148B05700DDE5F2 /* Release */ = {
			isa = XCBuildConfiguration;
			buildSettings = {
				ASSETCATALOG_COMPILER_APPICON_NAME = AppIcon;
				CODE_SIGN_STYLE = Automatic;
				DEVELOPMENT_TEAM = 832LY843KW;
				INFOPLIST_FILE = MyPracticeCocoPodSpec/Info.plist;
				LD_RUNPATH_SEARCH_PATHS = (
					"$(inherited)",
					"@executable_path/Frameworks",
				);
				PRODUCT_BUNDLE_IDENTIFIER = com.MyPracticeCocoPodSpec;
				PRODUCT_NAME = "$(TARGET_NAME)";
				TARGETED_DEVICE_FAMILY = "1,2";
			};
			name = Release;
		};
/* End XCBuildConfiguration section */

/* Begin XCConfigurationList section */
		DDEEAD7F2148B04700DDE5F2 /* Build configuration list for PBXProject "MyPracticeCocoPodSpec" */ = {
			isa = XCConfigurationList;
			buildConfigurations = (
				DDEEAD982148B05700DDE5F2 /* Debug */,
				DDEEAD992148B05700DDE5F2 /* Release */,
			);
			defaultConfigurationIsVisible = 0;
			defaultConfigurationName = Release;
		};
		DDEEAD9A2148B05700DDE5F2 /* Build configuration list for PBXNativeTarget "MyPracticeCocoPodSpec" */ = {
			isa = XCConfigurationList;
			buildConfigurations = (
				DDEEAD9B2148B05700DDE5F2 /* Debug */,
				DDEEAD9C2148B05700DDE5F2 /* Release */,
			);
			defaultConfigurationIsVisible = 0;
			defaultConfigurationName = Release;
		};
/* End XCConfigurationList section */
	};
	rootObject = DDEEAD7C2148B04700DDE5F2 /* Project object */;
}
